// !$*UTF8*$!
{
	archiveVersion = 1;
	classes = {
	};
	objectVersion = 56;
	objects = {

/* Begin PBXBuildFile section */
		6146CE7F2C51B05A00AF60D8 /* AccountViewModel.swift in Sources */ = {isa = PBXBuildFile; fileRef = 6146CE7E2C51B05900AF60D8 /* AccountViewModel.swift */; };
		6146CE812C51B2AF00AF60D8 /* String+Ext.swift in Sources */ = {isa = PBXBuildFile; fileRef = 6146CE802C51B2AF00AF60D8 /* String+Ext.swift */; };
		6146CE832C51CE4E00AF60D8 /* User.swift in Sources */ = {isa = PBXBuildFile; fileRef = 6146CE822C51CE4E00AF60D8 /* User.swift */; };
		616AAB592C4EB33200360ECF /* ManziAppetizersApp.swift in Sources */ = {isa = PBXBuildFile; fileRef = 616AAB582C4EB33200360ECF /* ManziAppetizersApp.swift */; };
		616AAB5B2C4EB33200360ECF /* AppetizerTabView.swift in Sources */ = {isa = PBXBuildFile; fileRef = 616AAB5A2C4EB33200360ECF /* AppetizerTabView.swift */; };
		616AAB5D2C4EB33400360ECF /* Assets.xcassets in Resources */ = {isa = PBXBuildFile; fileRef = 616AAB5C2C4EB33400360ECF /* Assets.xcassets */; };
		616AAB602C4EB33400360ECF /* Preview Assets.xcassets in Resources */ = {isa = PBXBuildFile; fileRef = 616AAB5F2C4EB33400360ECF /* Preview Assets.xcassets */; };
		616AAB692C4EB47000360ECF /* AppetizerListView.swift in Sources */ = {isa = PBXBuildFile; fileRef = 616AAB682C4EB47000360ECF /* AppetizerListView.swift */; };
		616AAB6B2C4EB47B00360ECF /* AccountView.swift in Sources */ = {isa = PBXBuildFile; fileRef = 616AAB6A2C4EB47B00360ECF /* AccountView.swift */; };
		616AAB6D2C4EB48000360ECF /* OrderView.swift in Sources */ = {isa = PBXBuildFile; fileRef = 616AAB6C2C4EB48000360ECF /* OrderView.swift */; };
		616AAB6F2C4EB9CE00360ECF /* Appetizer.swift in Sources */ = {isa = PBXBuildFile; fileRef = 616AAB6E2C4EB9CE00360ECF /* Appetizer.swift */; };
		616AAB712C4EF4C600360ECF /* AppetizerListCell.swift in Sources */ = {isa = PBXBuildFile; fileRef = 616AAB702C4EF4C600360ECF /* AppetizerListCell.swift */; };
		616AAB732C4EF65300360ECF /* NetworkManager.swift in Sources */ = {isa = PBXBuildFile; fileRef = 616AAB722C4EF65300360ECF /* NetworkManager.swift */; };
		616AAB752C4EF74B00360ECF /* APError.swift in Sources */ = {isa = PBXBuildFile; fileRef = 616AAB742C4EF74B00360ECF /* APError.swift */; };
		616AAB772C4EFE3400360ECF /* AppetizerListViewModel.swift in Sources */ = {isa = PBXBuildFile; fileRef = 616AAB762C4EFE3400360ECF /* AppetizerListViewModel.swift */; };
		616AAB792C4F00BF00360ECF /* Alert.swift in Sources */ = {isa = PBXBuildFile; fileRef = 616AAB782C4F00BF00360ECF /* Alert.swift */; };
		616AAB7B2C4F13FA00360ECF /* LoadingView.swift in Sources */ = {isa = PBXBuildFile; fileRef = 616AAB7A2C4F13FA00360ECF /* LoadingView.swift */; };
		616AAB7F2C4F2A9100360ECF /* RemoteImage.swift in Sources */ = {isa = PBXBuildFile; fileRef = 616AAB7E2C4F2A9100360ECF /* RemoteImage.swift */; };
		61FFF7BF2C5007B90042903E /* AppetizerDetailView.swift in Sources */ = {isa = PBXBuildFile; fileRef = 61FFF7BE2C5007B90042903E /* AppetizerDetailView.swift */; };
		61FFF7C22C5053C70042903E /* APButton.swift in Sources */ = {isa = PBXBuildFile; fileRef = 61FFF7C12C5053C70042903E /* APButton.swift */; };
		61FFF7C42C507CFD0042903E /* XDismissButton.swift in Sources */ = {isa = PBXBuildFile; fileRef = 61FFF7C32C507CFC0042903E /* XDismissButton.swift */; };
/* End PBXBuildFile section */

/* Begin PBXFileReference section */
		6146CE7E2C51B05900AF60D8 /* AccountViewModel.swift */ = {isa = PBXFileReference; lastKnownFileType = sourcecode.swift; path = AccountViewModel.swift; sourceTree = "<group>"; };
		6146CE802C51B2AF00AF60D8 /* String+Ext.swift */ = {isa = PBXFileReference; lastKnownFileType = sourcecode.swift; path = "String+Ext.swift"; sourceTree = "<group>"; };
		6146CE822C51CE4E00AF60D8 /* User.swift */ = {isa = PBXFileReference; lastKnownFileType = sourcecode.swift; path = User.swift; sourceTree = "<group>"; };
		616AAB552C4EB33200360ECF /* ManziAppetizers.app */ = {isa = PBXFileReference; explicitFileType = wrapper.application; includeInIndex = 0; path = ManziAppetizers.app; sourceTree = BUILT_PRODUCTS_DIR; };
		616AAB582C4EB33200360ECF /* ManziAppetizersApp.swift */ = {isa = PBXFileReference; lastKnownFileType = sourcecode.swift; path = ManziAppetizersApp.swift; sourceTree = "<group>"; };
		616AAB5A2C4EB33200360ECF /* AppetizerTabView.swift */ = {isa = PBXFileReference; lastKnownFileType = sourcecode.swift; path = AppetizerTabView.swift; sourceTree = "<group>"; };
		616AAB5C2C4EB33400360ECF /* Assets.xcassets */ = {isa = PBXFileReference; lastKnownFileType = folder.assetcatalog; path = Assets.xcassets; sourceTree = "<group>"; };
		616AAB5F2C4EB33400360ECF /* Preview Assets.xcassets */ = {isa = PBXFileReference; lastKnownFileType = folder.assetcatalog; path = "Preview Assets.xcassets"; sourceTree = "<group>"; };
		616AAB682C4EB47000360ECF /* AppetizerListView.swift */ = {isa = PBXFileReference; lastKnownFileType = sourcecode.swift; path = AppetizerListView.swift; sourceTree = "<group>"; };
		616AAB6A2C4EB47B00360ECF /* AccountView.swift */ = {isa = PBXFileReference; lastKnownFileType = sourcecode.swift; path = AccountView.swift; sourceTree = "<group>"; };
		616AAB6C2C4EB48000360ECF /* OrderView.swift */ = {isa = PBXFileReference; lastKnownFileType = sourcecode.swift; path = OrderView.swift; sourceTree = "<group>"; };
		616AAB6E2C4EB9CE00360ECF /* Appetizer.swift */ = {isa = PBXFileReference; lastKnownFileType = sourcecode.swift; path = Appetizer.swift; sourceTree = "<group>"; };
		616AAB702C4EF4C600360ECF /* AppetizerListCell.swift */ = {isa = PBXFileReference; lastKnownFileType = sourcecode.swift; path = AppetizerListCell.swift; sourceTree = "<group>"; };
		616AAB722C4EF65300360ECF /* NetworkManager.swift */ = {isa = PBXFileReference; lastKnownFileType = sourcecode.swift; path = NetworkManager.swift; sourceTree = "<group>"; };
		616AAB742C4EF74B00360ECF /* APError.swift */ = {isa = PBXFileReference; lastKnownFileType = sourcecode.swift; path = APError.swift; sourceTree = "<group>"; };
		616AAB762C4EFE3400360ECF /* AppetizerListViewModel.swift */ = {isa = PBXFileReference; lastKnownFileType = sourcecode.swift; path = AppetizerListViewModel.swift; sourceTree = "<group>"; };
		616AAB782C4F00BF00360ECF /* Alert.swift */ = {isa = PBXFileReference; lastKnownFileType = sourcecode.swift; path = Alert.swift; sourceTree = "<group>"; };
		616AAB7A2C4F13FA00360ECF /* LoadingView.swift */ = {isa = PBXFileReference; lastKnownFileType = sourcecode.swift; path = LoadingView.swift; sourceTree = "<group>"; };
		616AAB7E2C4F2A9100360ECF /* RemoteImage.swift */ = {isa = PBXFileReference; lastKnownFileType = sourcecode.swift; path = RemoteImage.swift; sourceTree = "<group>"; };
		61FFF7BE2C5007B90042903E /* AppetizerDetailView.swift */ = {isa = PBXFileReference; lastKnownFileType = sourcecode.swift; path = AppetizerDetailView.swift; sourceTree = "<group>"; };
		61FFF7C12C5053C70042903E /* APButton.swift */ = {isa = PBXFileReference; lastKnownFileType = sourcecode.swift; path = APButton.swift; sourceTree = "<group>"; };
		61FFF7C32C507CFC0042903E /* XDismissButton.swift */ = {isa = PBXFileReference; lastKnownFileType = sourcecode.swift; path = XDismissButton.swift; sourceTree = "<group>"; };
/* End PBXFileReference section */

/* Begin PBXFrameworksBuildPhase section */
		616AAB522C4EB33200360ECF /* Frameworks */ = {
			isa = PBXFrameworksBuildPhase;
			buildActionMask = 2147483647;
			files = (
			);
			runOnlyForDeploymentPostprocessing = 0;
		};
/* End PBXFrameworksBuildPhase section */

/* Begin PBXGroup section */
		616AAB4C2C4EB33200360ECF = {
			isa = PBXGroup;
			children = (
				616AAB572C4EB33200360ECF /* ManziAppetizers */,
				616AAB562C4EB33200360ECF /* Products */,
			);
			sourceTree = "<group>";
		};
		616AAB562C4EB33200360ECF /* Products */ = {
			isa = PBXGroup;
			children = (
				616AAB552C4EB33200360ECF /* ManziAppetizers.app */,
			);
			name = Products;
			sourceTree = "<group>";
		};
		616AAB572C4EB33200360ECF /* ManziAppetizers */ = {
			isa = PBXGroup;
			children = (
				61FFF7B92C4FFD610042903E /* Model */,
				61FFF7B62C4FFD150042903E /* Utilities */,
				61FFF7BA2C4FFDAF0042903E /* Views */,
				61FFF7B02C4FFC190042903E /* Screens */,
				616AAB582C4EB33200360ECF /* ManziAppetizersApp.swift */,
				616AAB5C2C4EB33400360ECF /* Assets.xcassets */,
				616AAB5E2C4EB33400360ECF /* Preview Content */,
			);
			path = ManziAppetizers;
			sourceTree = "<group>";
		};
		616AAB5E2C4EB33400360ECF /* Preview Content */ = {
			isa = PBXGroup;
			children = (
				616AAB5F2C4EB33400360ECF /* Preview Assets.xcassets */,
			);
			path = "Preview Content";
			sourceTree = "<group>";
		};
		61FFF7B02C4FFC190042903E /* Screens */ = {
			isa = PBXGroup;
			children = (
				616AAB5A2C4EB33200360ECF /* AppetizerTabView.swift */,
				61FFF7B32C4FFC910042903E /* AppetizerListView */,
				61FFF7B12C4FFC730042903E /* AccountView */,
				61FFF7B42C4FFC9C0042903E /* OrderView */,
			);
			path = Screens;
			sourceTree = "<group>";
		};
		61FFF7B12C4FFC730042903E /* AccountView */ = {
			isa = PBXGroup;
			children = (
				6146CE7E2C51B05900AF60D8 /* AccountViewModel.swift */,
				616AAB6A2C4EB47B00360ECF /* AccountView.swift */,
			);
			path = AccountView;
			sourceTree = "<group>";
		};
		61FFF7B32C4FFC910042903E /* AppetizerListView */ = {
			isa = PBXGroup;
			children = (
				616AAB762C4EFE3400360ECF /* AppetizerListViewModel.swift */,
				616AAB682C4EB47000360ECF /* AppetizerListView.swift */,
				61FFF7BE2C5007B90042903E /* AppetizerDetailView.swift */,
			);
			path = AppetizerListView;
			sourceTree = "<group>";
		};
		61FFF7B42C4FFC9C0042903E /* OrderView */ = {
			isa = PBXGroup;
			children = (
				616AAB6C2C4EB48000360ECF /* OrderView.swift */,
			);
			path = OrderView;
			sourceTree = "<group>";
		};
		61FFF7B52C4FFCF60042903E /* Managers */ = {
			isa = PBXGroup;
			children = (
				616AAB722C4EF65300360ECF /* NetworkManager.swift */,
			);
			path = Managers;
			sourceTree = "<group>";
		};
		61FFF7B62C4FFD150042903E /* Utilities */ = {
			isa = PBXGroup;
			children = (
				61FFF7B82C4FFD440042903E /* Alert */,
				61FFF7B72C4FFD1F0042903E /* Extensions */,
				61FFF7B52C4FFCF60042903E /* Managers */,
			);
			path = Utilities;
			sourceTree = "<group>";
		};
		61FFF7B72C4FFD1F0042903E /* Extensions */ = {
			isa = PBXGroup;
			children = (
				6146CE802C51B2AF00AF60D8 /* String+Ext.swift */,
			);
			path = Extensions;
			sourceTree = "<group>";
		};
		61FFF7B82C4FFD440042903E /* Alert */ = {
			isa = PBXGroup;
			children = (
				616AAB742C4EF74B00360ECF /* APError.swift */,
				616AAB782C4F00BF00360ECF /* Alert.swift */,
			);
			path = Alert;
			sourceTree = "<group>";
		};
		61FFF7B92C4FFD610042903E /* Model */ = {
			isa = PBXGroup;
			children = (
				616AAB6E2C4EB9CE00360ECF /* Appetizer.swift */,
				6146CE822C51CE4E00AF60D8 /* User.swift */,
			);
			path = Model;
			sourceTree = "<group>";
		};
		61FFF7BA2C4FFDAF0042903E /* Views */ = {
			isa = PBXGroup;
			children = (
				61FFF7C02C5053A70042903E /* Buttons */,
				61FFF7BD2C4FFDC20042903E /* Image */,
				61FFF7BC2C4FFDBE0042903E /* Cells */,
				61FFF7BB2C4FFDB40042903E /* UKit Components */,
			);
			path = Views;
			sourceTree = "<group>";
		};
		61FFF7BB2C4FFDB40042903E /* UKit Components */ = {
			isa = PBXGroup;
			children = (
				616AAB7A2C4F13FA00360ECF /* LoadingView.swift */,
			);
			path = "UKit Components";
			sourceTree = "<group>";
		};
		61FFF7BC2C4FFDBE0042903E /* Cells */ = {
			isa = PBXGroup;
			children = (
				616AAB702C4EF4C600360ECF /* AppetizerListCell.swift */,
			);
			path = Cells;
			sourceTree = "<group>";
		};
		61FFF7BD2C4FFDC20042903E /* Image */ = {
			isa = PBXGroup;
			children = (
				616AAB7E2C4F2A9100360ECF /* RemoteImage.swift */,
			);
			path = Image;
			sourceTree = "<group>";
		};
		61FFF7C02C5053A70042903E /* Buttons */ = {
			isa = PBXGroup;
			children = (
				61FFF7C12C5053C70042903E /* APButton.swift */,
				61FFF7C32C507CFC0042903E /* XDismissButton.swift */,
			);
			path = Buttons;
			sourceTree = "<group>";
		};
/* End PBXGroup section */

/* Begin PBXNativeTarget section */
		616AAB542C4EB33200360ECF /* ManziAppetizers */ = {
			isa = PBXNativeTarget;
			buildConfigurationList = 616AAB632C4EB33400360ECF /* Build configuration list for PBXNativeTarget "ManziAppetizers" */;
			buildPhases = (
				616AAB512C4EB33200360ECF /* Sources */,
				616AAB522C4EB33200360ECF /* Frameworks */,
				616AAB532C4EB33200360ECF /* Resources */,
			);
			buildRules = (
			);
			dependencies = (
			);
			name = ManziAppetizers;
			productName = ManziAppetizers;
			productReference = 616AAB552C4EB33200360ECF /* ManziAppetizers.app */;
			productType = "com.apple.product-type.application";
		};
/* End PBXNativeTarget section */

/* Begin PBXProject section */
		616AAB4D2C4EB33200360ECF /* Project object */ = {
			isa = PBXProject;
			attributes = {
				BuildIndependentTargetsInParallel = 1;
				LastSwiftUpdateCheck = 1540;
				LastUpgradeCheck = 1540;
				TargetAttributes = {
					616AAB542C4EB33200360ECF = {
						CreatedOnToolsVersion = 15.4;
					};
				};
			};
			buildConfigurationList = 616AAB502C4EB33200360ECF /* Build configuration list for PBXProject "ManziAppetizers" */;
			compatibilityVersion = "Xcode 14.0";
			developmentRegion = en;
			hasScannedForEncodings = 0;
			knownRegions = (
				en,
				Base,
			);
			mainGroup = 616AAB4C2C4EB33200360ECF;
			productRefGroup = 616AAB562C4EB33200360ECF /* Products */;
			projectDirPath = "";
			projectRoot = "";
			targets = (
				616AAB542C4EB33200360ECF /* ManziAppetizers */,
			);
		};
/* End PBXProject section */

/* Begin PBXResourcesBuildPhase section */
		616AAB532C4EB33200360ECF /* Resources */ = {
			isa = PBXResourcesBuildPhase;
			buildActionMask = 2147483647;
			files = (
				616AAB602C4EB33400360ECF /* Preview Assets.xcassets in Resources */,
				616AAB5D2C4EB33400360ECF /* Assets.xcassets in Resources */,
			);
			runOnlyForDeploymentPostprocessing = 0;
		};
/* End PBXResourcesBuildPhase section */

/* Begin PBXSourcesBuildPhase section */
		616AAB512C4EB33200360ECF /* Sources */ = {
			isa = PBXSourcesBuildPhase;
			buildActionMask = 2147483647;
			files = (
				6146CE812C51B2AF00AF60D8 /* String+Ext.swift in Sources */,
				616AAB6F2C4EB9CE00360ECF /* Appetizer.swift in Sources */,
				616AAB752C4EF74B00360ECF /* APError.swift in Sources */,
				616AAB712C4EF4C600360ECF /* AppetizerListCell.swift in Sources */,
				61FFF7C22C5053C70042903E /* APButton.swift in Sources */,
				616AAB772C4EFE3400360ECF /* AppetizerListViewModel.swift in Sources */,
				616AAB6B2C4EB47B00360ECF /* AccountView.swift in Sources */,
				616AAB7B2C4F13FA00360ECF /* LoadingView.swift in Sources */,
				616AAB7F2C4F2A9100360ECF /* RemoteImage.swift in Sources */,
				616AAB5B2C4EB33200360ECF /* AppetizerTabView.swift in Sources */,
				61FFF7BF2C5007B90042903E /* AppetizerDetailView.swift in Sources */,
				616AAB732C4EF65300360ECF /* NetworkManager.swift in Sources */,
				616AAB592C4EB33200360ECF /* ManziAppetizersApp.swift in Sources */,
				616AAB792C4F00BF00360ECF /* Alert.swift in Sources */,
				616AAB692C4EB47000360ECF /* AppetizerListView.swift in Sources */,
				616AAB6D2C4EB48000360ECF /* OrderView.swift in Sources */,
				6146CE7F2C51B05A00AF60D8 /* AccountViewModel.swift in Sources */,
				61FFF7C42C507CFD0042903E /* XDismissButton.swift in Sources */,
				6146CE832C51CE4E00AF60D8 /* User.swift in Sources */,
			);
			runOnlyForDeploymentPostprocessing = 0;
		};
/* End PBXSourcesBuildPhase section */

/* Begin XCBuildConfiguration section */
		616AAB612C4EB33400360ECF /* Debug */ = {
			isa = XCBuildConfiguration;
			buildSettings = {
				ALWAYS_SEARCH_USER_PATHS = NO;
				ASSETCATALOG_COMPILER_GENERATE_SWIFT_ASSET_SYMBOL_EXTENSIONS = YES;
				CLANG_ANALYZER_NONNULL = YES;
				CLANG_ANALYZER_NUMBER_OBJECT_CONVERSION = YES_AGGRESSIVE;
				CLANG_CXX_LANGUAGE_STANDARD = "gnu++20";
				CLANG_ENABLE_MODULES = YES;
				CLANG_ENABLE_OBJC_ARC = YES;
				CLANG_ENABLE_OBJC_WEAK = YES;
				CLANG_WARN_BLOCK_CAPTURE_AUTORELEASING = YES;
				CLANG_WARN_BOOL_CONVERSION = YES;
				CLANG_WARN_COMMA = YES;
				CLANG_WARN_CONSTANT_CONVERSION = YES;
				CLANG_WARN_DEPRECATED_OBJC_IMPLEMENTATIONS = YES;
				CLANG_WARN_DIRECT_OBJC_ISA_USAGE = YES_ERROR;
				CLANG_WARN_DOCUMENTATION_COMMENTS = YES;
				CLANG_WARN_EMPTY_BODY = YES;
				CLANG_WARN_ENUM_CONVERSION = YES;
				CLANG_WARN_INFINITE_RECURSION = YES;
				CLANG_WARN_INT_CONVERSION = YES;
				CLANG_WARN_NON_LITERAL_NULL_CONVERSION = YES;
				CLANG_WARN_OBJC_IMPLICIT_RETAIN_SELF = YES;
				CLANG_WARN_OBJC_LITERAL_CONVERSION = YES;
				CLANG_WARN_OBJC_ROOT_CLASS = YES_ERROR;
				CLANG_WARN_QUOTED_INCLUDE_IN_FRAMEWORK_HEADER = YES;
				CLANG_WARN_RANGE_LOOP_ANALYSIS = YES;
				CLANG_WARN_STRICT_PROTOTYPES = YES;
				CLANG_WARN_SUSPICIOUS_MOVE = YES;
				CLANG_WARN_UNGUARDED_AVAILABILITY = YES_AGGRESSIVE;
				CLANG_WARN_UNREACHABLE_CODE = YES;
				CLANG_WARN__DUPLICATE_METHOD_MATCH = YES;
				COPY_PHASE_STRIP = NO;
				DEBUG_INFORMATION_FORMAT = dwarf;
				ENABLE_STRICT_OBJC_MSGSEND = YES;
				ENABLE_TESTABILITY = YES;
				ENABLE_USER_SCRIPT_SANDBOXING = YES;
				GCC_C_LANGUAGE_STANDARD = gnu17;
				GCC_DYNAMIC_NO_PIC = NO;
				GCC_NO_COMMON_BLOCKS = YES;
				GCC_OPTIMIZATION_LEVEL = 0;
				GCC_PREPROCESSOR_DEFINITIONS = (
					"DEBUG=1",
					"$(inherited)",
				);
				GCC_WARN_64_TO_32_BIT_CONVERSION = YES;
				GCC_WARN_ABOUT_RETURN_TYPE = YES_ERROR;
				GCC_WARN_UNDECLARED_SELECTOR = YES;
				GCC_WARN_UNINITIALIZED_AUTOS = YES_AGGRESSIVE;
				GCC_WARN_UNUSED_FUNCTION = YES;
				GCC_WARN_UNUSED_VARIABLE = YES;
				IPHONEOS_DEPLOYMENT_TARGET = 17.5;
				LOCALIZATION_PREFERS_STRING_CATALOGS = YES;
				MTL_ENABLE_DEBUG_INFO = INCLUDE_SOURCE;
				MTL_FAST_MATH = YES;
				ONLY_ACTIVE_ARCH = YES;
				SDKROOT = iphoneos;
				SWIFT_ACTIVE_COMPILATION_CONDITIONS = "DEBUG $(inherited)";
				SWIFT_OPTIMIZATION_LEVEL = "-Onone";
			};
			name = Debug;
		};
		616AAB622C4EB33400360ECF /* Release */ = {
			isa = XCBuildConfiguration;
			buildSettings = {
				ALWAYS_SEARCH_USER_PATHS = NO;
				ASSETCATALOG_COMPILER_GENERATE_SWIFT_ASSET_SYMBOL_EXTENSIONS = YES;
				CLANG_ANALYZER_NONNULL = YES;
				CLANG_ANALYZER_NUMBER_OBJECT_CONVERSION = YES_AGGRESSIVE;
				CLANG_CXX_LANGUAGE_STANDARD = "gnu++20";
				CLANG_ENABLE_MODULES = YES;
				CLANG_ENABLE_OBJC_ARC = YES;
				CLANG_ENABLE_OBJC_WEAK = YES;
				CLANG_WARN_BLOCK_CAPTURE_AUTORELEASING = YES;
				CLANG_WARN_BOOL_CONVERSION = YES;
				CLANG_WARN_COMMA = YES;
				CLANG_WARN_CONSTANT_CONVERSION = YES;
				CLANG_WARN_DEPRECATED_OBJC_IMPLEMENTATIONS = YES;
				CLANG_WARN_DIRECT_OBJC_ISA_USAGE = YES_ERROR;
				CLANG_WARN_DOCUMENTATION_COMMENTS = YES;
				CLANG_WARN_EMPTY_BODY = YES;
				CLANG_WARN_ENUM_CONVERSION = YES;
				CLANG_WARN_INFINITE_RECURSION = YES;
				CLANG_WARN_INT_CONVERSION = YES;
				CLANG_WARN_NON_LITERAL_NULL_CONVERSION = YES;
				CLANG_WARN_OBJC_IMPLICIT_RETAIN_SELF = YES;
				CLANG_WARN_OBJC_LITERAL_CONVERSION = YES;
				CLANG_WARN_OBJC_ROOT_CLASS = YES_ERROR;
				CLANG_WARN_QUOTED_INCLUDE_IN_FRAMEWORK_HEADER = YES;
				CLANG_WARN_RANGE_LOOP_ANALYSIS = YES;
				CLANG_WARN_STRICT_PROTOTYPES = YES;
				CLANG_WARN_SUSPICIOUS_MOVE = YES;
				CLANG_WARN_UNGUARDED_AVAILABILITY = YES_AGGRESSIVE;
				CLANG_WARN_UNREACHABLE_CODE = YES;
				CLANG_WARN__DUPLICATE_METHOD_MATCH = YES;
				COPY_PHASE_STRIP = NO;
				DEBUG_INFORMATION_FORMAT = "dwarf-with-dsym";
				ENABLE_NS_ASSERTIONS = NO;
				ENABLE_STRICT_OBJC_MSGSEND = YES;
				ENABLE_USER_SCRIPT_SANDBOXING = YES;
				GCC_C_LANGUAGE_STANDARD = gnu17;
				GCC_NO_COMMON_BLOCKS = YES;
				GCC_WARN_64_TO_32_BIT_CONVERSION = YES;
				GCC_WARN_ABOUT_RETURN_TYPE = YES_ERROR;
				GCC_WARN_UNDECLARED_SELECTOR = YES;
				GCC_WARN_UNINITIALIZED_AUTOS = YES_AGGRESSIVE;
				GCC_WARN_UNUSED_FUNCTION = YES;
				GCC_WARN_UNUSED_VARIABLE = YES;
				IPHONEOS_DEPLOYMENT_TARGET = 17.5;
				LOCALIZATION_PREFERS_STRING_CATALOGS = YES;
				MTL_ENABLE_DEBUG_INFO = NO;
				MTL_FAST_MATH = YES;
				SDKROOT = iphoneos;
				SWIFT_COMPILATION_MODE = wholemodule;
				VALIDATE_PRODUCT = YES;
			};
			name = Release;
		};
		616AAB642C4EB33400360ECF /* Debug */ = {
			isa = XCBuildConfiguration;
			buildSettings = {
				ASSETCATALOG_COMPILER_APPICON_NAME = AppIcon;
				ASSETCATALOG_COMPILER_GLOBAL_ACCENT_COLOR_NAME = AccentColor;
				CODE_SIGN_STYLE = Automatic;
				CURRENT_PROJECT_VERSION = 1;
				DEVELOPMENT_ASSET_PATHS = "\"ManziAppetizers/Preview Content\"";
				DEVELOPMENT_TEAM = 4FXJ5W7FM5;
				ENABLE_PREVIEWS = YES;
				GENERATE_INFOPLIST_FILE = YES;
				INFOPLIST_KEY_UIApplicationSceneManifest_Generation = YES;
				INFOPLIST_KEY_UIApplicationSupportsIndirectInputEvents = YES;
				INFOPLIST_KEY_UILaunchScreen_Generation = YES;
				INFOPLIST_KEY_UISupportedInterfaceOrientations_iPad = "UIInterfaceOrientationPortrait UIInterfaceOrientationPortraitUpsideDown UIInterfaceOrientationLandscapeLeft UIInterfaceOrientationLandscapeRight";
				INFOPLIST_KEY_UISupportedInterfaceOrientations_iPhone = "UIInterfaceOrientationPortrait UIInterfaceOrientationLandscapeLeft UIInterfaceOrientationLandscapeRight";
				IPHONEOS_DEPLOYMENT_TARGET = 17.5;
				LD_RUNPATH_SEARCH_PATHS = (
					"$(inherited)",
					"@executable_path/Frameworks",
				);
				MARKETING_VERSION = 1.0;
				PRODUCT_BUNDLE_IDENTIFIER = iManzi.com.ManziAppetizers;
				PRODUCT_NAME = "$(TARGET_NAME)";
				SWIFT_EMIT_LOC_STRINGS = YES;
				SWIFT_VERSION = 5.0;
				TARGETED_DEVICE_FAMILY = "1,2";
			};
			name = Debug;
		};
		616AAB652C4EB33400360ECF /* Release */ = {
			isa = XCBuildConfiguration;
			buildSettings = {
				ASSETCATALOG_COMPILER_APPICON_NAME = AppIcon;
				ASSETCATALOG_COMPILER_GLOBAL_ACCENT_COLOR_NAME = AccentColor;
				CODE_SIGN_STYLE = Automatic;
				CURRENT_PROJECT_VERSION = 1;
				DEVELOPMENT_ASSET_PATHS = "\"ManziAppetizers/Preview Content\"";
				DEVELOPMENT_TEAM = 4FXJ5W7FM5;
				ENABLE_PREVIEWS = YES;
				GENERATE_INFOPLIST_FILE = YES;
				INFOPLIST_KEY_UIApplicationSceneManifest_Generation = YES;
				INFOPLIST_KEY_UIApplicationSupportsIndirectInputEvents = YES;
				INFOPLIST_KEY_UILaunchScreen_Generation = YES;
				INFOPLIST_KEY_UISupportedInterfaceOrientations_iPad = "UIInterfaceOrientationPortrait UIInterfaceOrientationPortraitUpsideDown UIInterfaceOrientationLandscapeLeft UIInterfaceOrientationLandscapeRight";
				INFOPLIST_KEY_UISupportedInterfaceOrientations_iPhone = "UIInterfaceOrientationPortrait UIInterfaceOrientationLandscapeLeft UIInterfaceOrientationLandscapeRight";
				IPHONEOS_DEPLOYMENT_TARGET = 17.5;
				LD_RUNPATH_SEARCH_PATHS = (
					"$(inherited)",
					"@executable_path/Frameworks",
				);
				MARKETING_VERSION = 1.0;
				PRODUCT_BUNDLE_IDENTIFIER = iManzi.com.ManziAppetizers;
				PRODUCT_NAME = "$(TARGET_NAME)";
				SWIFT_EMIT_LOC_STRINGS = YES;
				SWIFT_VERSION = 5.0;
				TARGETED_DEVICE_FAMILY = "1,2";
			};
			name = Release;
		};
/* End XCBuildConfiguration section */

/* Begin XCConfigurationList section */
		616AAB502C4EB33200360ECF /* Build configuration list for PBXProject "ManziAppetizers" */ = {
			isa = XCConfigurationList;
			buildConfigurations = (
				616AAB612C4EB33400360ECF /* Debug */,
				616AAB622C4EB33400360ECF /* Release */,
			);
			defaultConfigurationIsVisible = 0;
			defaultConfigurationName = Release;
		};
		616AAB632C4EB33400360ECF /* Build configuration list for PBXNativeTarget "ManziAppetizers" */ = {
			isa = XCConfigurationList;
			buildConfigurations = (
				616AAB642C4EB33400360ECF /* Debug */,
				616AAB652C4EB33400360ECF /* Release */,
			);
			defaultConfigurationIsVisible = 0;
			defaultConfigurationName = Release;
		};
/* End XCConfigurationList section */
	};
	rootObject = 616AAB4D2C4EB33200360ECF /* Project object */;
}
